{
  "name": "doc-viewer",
  "version": "0.0.0",
  "lockfileVersion": 3,
  "requires": true,
  "packages": {
    "": {
      "name": "doc-viewer",
      "version": "0.0.0",
      "license": "MIT OR Apache-2.0",
      "dependencies": {
        "@embedpdf/pdfium": "^2.14.4"
      }
    },
    "node_modules/@embedpdf/pdfium": {
      "version": "2.14.4",
      "resolved": "https://registry.npmjs.org/@embedpdf/pdfium/-/pdfium-2.14.4.tgz",
      "integrity": "sha512-0tDPQEH1WtfXcASNVp5U3dqfzZboNvcE4rDok/P4JCN+DCTaJDG2E9lYHGMo9FtuS2IdHgrzkmPRpOo5WV9MKQ==",
      "license": "MIT"
    }
  }
}
